
Microsoft Visual Studio Solution File, Format Version 12.00
# Visual Studio Version 16
VisualStudioVersion = 16.0.29728.190
MinimumVisualStudioVersion = 10.0.40219.1
Project("{FAE04EC0-301F-11D3-BF4B-00C04F79EFBC}") = "Tokyo2020.Android", "Tokyo2020\Tokyo2020.Android\Tokyo2020.Android.csproj", "{4114A482-A4FF-4586-BBC6-443FF446B70A}"
EndProject
Project("{FAE04EC0-301F-11D3-BF4B-00C04F79EFBC}") = "Tokyo2020.iOS", "Tokyo2020\Tokyo2020.iOS\Tokyo2020.iOS.csproj", "{882CDA25-AA54-4806-A570-653CD14119B1}"
EndProject
Project("{FAE04EC0-301F-11D3-BF4B-00C04F79EFBC}") = "Tokyo2020", "Tokyo2020\Tokyo2020\Tokyo2020.csproj", "{09D874B5-8E44-46E8-813B-7F6CE045F7EC}"
EndProject
Global
	GlobalSection(SolutionConfigurationPlatforms) = preSolution
		Debug|Any CPU = Debug|Any CPU
		Debug|iPhone = Debug|iPhone
		Debug|iPhoneSimulator = Debug|iPhoneSimulator
		Release|Any CPU = Release|Any CPU
		Release|iPhone = Release|iPhone
		Release|iPhoneSimulator = Release|iPhoneSimulator
	EndGlobalSection
	GlobalSection(ProjectConfigurationPlatforms) = postSolution
		{4114A482-A4FF-4586-BBC6-443FF446B70A}.Debug|Any CPU.ActiveCfg = Debug|Any CPU
		{4114A482-A4FF-4586-BBC6-443FF446B70A}.Debug|Any CPU.Build.0 = Debug|Any CPU
		{4114A482-A4FF-4586-BBC6-443FF446B70A}.Debug|Any CPU.Deploy.0 = Debug|Any CPU
		{4114A482-A4FF-4586-BBC6-443FF446B70A}.Debug|iPhone.ActiveCfg = Debug|Any CPU
		{4114A482-A4FF-4586-BBC6-443FF446B70A}.Debug|iPhone.Build.0 = Debug|Any CPU
		{4114A482-A4FF-4586-BBC6-443FF446B70A}.Debug|iPhone.Deploy.0 = Debug|Any CPU
		{4114A482-A4FF-4586-BBC6-443FF446B70A}.Debug|iPhoneSimulator.ActiveCfg = Debug|Any CPU
		{4114A482-A4FF-4586-BBC6-443FF446B70A}.Debug|iPhoneSimulator.Build.0 = Debug|Any CPU
		{4114A482-A4FF-4586-BBC6-443FF446B70A}.Debug|iPhoneSimulator.Deploy.0 = Debug|Any CPU
		{4114A482-A4FF-4586-BBC6-443FF446B70A}.Release|Any CPU.ActiveCfg = Release|Any CPU
		{4114A482-A4FF-4586-BBC6-443FF446B70A}.Release|Any CPU.Build.0 = Release|Any CPU
		{4114A482-A4FF-4586-BBC6-443FF446B70A}.Release|Any CPU.Deploy.0 = Release|Any CPU
		{4114A482-A4FF-4586-BBC6-443FF446B70A}.Release|iPhone.ActiveCfg = Release|Any CPU
		{4114A482-A4FF-4586-BBC6-443FF446B70A}.Release|iPhone.Build.0 = Release|Any CPU
		{4114A482-A4FF-4586-BBC6-443FF446B70A}.Release|iPhone.Deploy.0 = Release|Any CPU
		{4114A482-A4FF-4586-BBC6-443FF446B70A}.Release|iPhoneSimulator.ActiveCfg = Release|Any CPU
		{4114A482-A4FF-4586-BBC6-443FF446B70A}.Release|iPhoneSimulator.Build.0 = Release|Any CPU
		{4114A482-A4FF-4586-BBC6-443FF446B70A}.Release|iPhoneSimulator.Deploy.0 = Release|Any CPU
		{882CDA25-AA54-4806-A570-653CD14119B1}.Debug|Any CPU.ActiveCfg = Debug|iPhoneSimulator
		{882CDA25-AA54-4806-A570-653CD14119B1}.Debug|Any CPU.Build.0 = Debug|iPhoneSimulator
		{882CDA25-AA54-4806-A570-653CD14119B1}.Debug|Any CPU.Deploy.0 = Debug|iPhoneSimulator
		{882CDA25-AA54-4806-A570-653CD14119B1}.Debug|iPhone.ActiveCfg = Debug|iPhone
		{882CDA25-AA54-4806-A570-653CD14119B1}.Debug|iPhone.Build.0 = Debug|iPhone
		{882CDA25-AA54-4806-A570-653CD14119B1}.Debug|iPhone.Deploy.0 = Debug|iPhone
		{882CDA25-AA54-4806-A570-653CD14119B1}.Debug|iPhoneSimulator.ActiveCfg = Debug|iPhoneSimulator
		{882CDA25-AA54-4806-A570-653CD14119B1}.Debug|iPhoneSimulator.Build.0 = Debug|iPhoneSimulator
		{882CDA25-AA54-4806-A570-653CD14119B1}.Debug|iPhoneSimulator.Deploy.0 = Debug|iPhoneSimulator
		{882CDA25-AA54-4806-A570-653CD14119B1}.Release|Any CPU.ActiveCfg = Release|iPhone
		{882CDA25-AA54-4806-A570-653CD14119B1}.Release|Any CPU.Build.0 = Release|iPhone
		{882CDA25-AA54-4806-A570-653CD14119B1}.Release|Any CPU.Deploy.0 = Release|iPhone
		{882CDA25-AA54-4806-A570-653CD14119B1}.Release|iPhone.ActiveCfg = Release|iPhone
		{882CDA25-AA54-4806-A570-653CD14119B1}.Release|iPhone.Build.0 = Release|iPhone
		{882CDA25-AA54-4806-A570-653CD14119B1}.Release|iPhone.Deploy.0 = Release|iPhone
		{882CDA25-AA54-4806-A570-653CD14119B1}.Release|iPhoneSimulator.ActiveCfg = Release|iPhoneSimulator
		{882CDA25-AA54-4806-A570-653CD14119B1}.Release|iPhoneSimulator.Build.0 = Release|iPhoneSimulator
		{882CDA25-AA54-4806-A570-653CD14119B1}.Release|iPhoneSimulator.Deploy.0 = Release|iPhoneSimulator
		{09D874B5-8E44-46E8-813B-7F6CE045F7EC}.Debug|Any CPU.ActiveCfg = Debug|Any CPU
		{09D874B5-8E44-46E8-813B-7F6CE045F7EC}.Debug|Any CPU.Build.0 = Debug|Any CPU
		{09D874B5-8E44-46E8-813B-7F6CE045F7EC}.Debug|Any CPU.Deploy.0 = Debug|Any CPU
		{09D874B5-8E44-46E8-813B-7F6CE045F7EC}.Debug|iPhone.ActiveCfg = Debug|Any CPU
		{09D874B5-8E44-46E8-813B-7F6CE045F7EC}.Debug|iPhone.Build.0 = Debug|Any CPU
		{09D874B5-8E44-46E8-813B-7F6CE045F7EC}.Debug|iPhone.Deploy.0 = Debug|Any CPU
		{09D874B5-8E44-46E8-813B-7F6CE045F7EC}.Debug|iPhoneSimulator.ActiveCfg = Debug|Any CPU
		{09D874B5-8E44-46E8-813B-7F6CE045F7EC}.Debug|iPhoneSimulator.Build.0 = Debug|Any CPU
		{09D874B5-8E44-46E8-813B-7F6CE045F7EC}.Debug|iPhoneSimulator.Deploy.0 = Debug|Any CPU
		{09D874B5-8E44-46E8-813B-7F6CE045F7EC}.Release|Any CPU.ActiveCfg = Release|Any CPU
		{09D874B5-8E44-46E8-813B-7F6CE045F7EC}.Release|Any CPU.Build.0 = Release|Any CPU
		{09D874B5-8E44-46E8-813B-7F6CE045F7EC}.Release|Any CPU.Deploy.0 = Release|Any CPU
		{09D874B5-8E44-46E8-813B-7F6CE045F7EC}.Release|iPhone.ActiveCfg = Release|Any CPU
		{09D874B5-8E44-46E8-813B-7F6CE045F7EC}.Release|iPhone.Build.0 = Release|Any CPU
		{09D874B5-8E44-46E8-813B-7F6CE045F7EC}.Release|iPhone.Deploy.0 = Release|Any CPU
		{09D874B5-8E44-46E8-813B-7F6CE045F7EC}.Release|iPhoneSimulator.ActiveCfg = Release|Any CPU
		{09D874B5-8E44-46E8-813B-7F6CE045F7EC}.Release|iPhoneSimulator.Build.0 = Release|Any CPU
		{09D874B5-8E44-46E8-813B-7F6CE045F7EC}.Release|iPhoneSimulator.Deploy.0 = Release|Any CPU
	EndGlobalSection
	GlobalSection(SolutionProperties) = preSolution
		HideSolutionNode = FALSE
	EndGlobalSection
	GlobalSection(ExtensibilityGlobals) = postSolution
		SolutionGuid = {4F88C759-7E4C-4F59-BB3E-115685EA3447}
	EndGlobalSection
EndGlobal
